
Microsoft Visual Studio Solution File, Format Version 12.00
# Visual Studio Version 17
VisualStudioVersion = 17.3.32901.215
MinimumVisualStudioVersion = 10.0.40219.1
Project("{9A19103F-16F7-4668-BE54-9A1E7A4F7556}") = "AmdarisProject.Api", "AmdarisProject.Api\AmdarisProject.Api.csproj", "{7B56D8DB-AC62-4F48-9B0E-AD21907906CC}"
EndProject
Project("{9A19103F-16F7-4668-BE54-9A1E7A4F7556}") = "AmdarisProject.Domain", "AmdarisProject.Domain\AmdarisProject.Domain.csproj", "{28A721BC-9B85-4F5B-8ECC-F9F33D252A61}"
EndProject
Project("{9A19103F-16F7-4668-BE54-9A1E7A4F7556}") = "AmdarisProject.DataAccess", "AmdarisProject.DataAccess\AmdarisProject.DataAccess.csproj", "{E83BF806-6CC6-4DFB-B985-B7A22D378256}"
EndProject
Project("{9A19103F-16F7-4668-BE54-9A1E7A4F7556}") = "AmdarisProject.Core", "AmdarisProject.Core\AmdarisProject.Core.csproj", "{D918D91E-8C25-483F-84AD-768A1A7E6719}"
EndProject
Project("{9A19103F-16F7-4668-BE54-9A1E7A4F7556}") = "AmdarisProject.Common", "AmdarisProject.Common\AmdarisProject.Common.csproj", "{EDA79566-5B96-480C-A397-466B84BAFBBB}"
EndProject
Project("{9A19103F-16F7-4668-BE54-9A1E7A4F7556}") = "TestDb", "TestDb\TestDb.csproj", "{1071D03A-93E1-47AE-8988-42B399C3B281}"
EndProject
Project("{2150E333-8FDC-42A3-9474-1A3956D46DE8}") = "Tests", "Tests", "{E6C7AAB1-D7ED-41E8-B712-A8A063FE4BC1}"
EndProject
Project("{9A19103F-16F7-4668-BE54-9A1E7A4F7556}") = "Amdaris.UnitTests", "Amdaris.UnitTests\Amdaris.UnitTests.csproj", "{A4980DF0-2044-4A2A-98B0-B36BCEBB4BC2}"
EndProject
Project("{54A90642-561A-4BB1-A94E-469ADEE60C69}") = "AmdarisProject.Angular", "AmdarisProject.Angular\AmdarisProject.Angular.esproj", "{1B7E14F5-F755-47D7-BF4D-C6C08745B8A0}"
EndProject
Global
	GlobalSection(SolutionConfigurationPlatforms) = preSolution
		Debug|Any CPU = Debug|Any CPU
		Release|Any CPU = Release|Any CPU
	EndGlobalSection
	GlobalSection(ProjectConfigurationPlatforms) = postSolution
		{7B56D8DB-AC62-4F48-9B0E-AD21907906CC}.Debug|Any CPU.ActiveCfg = Debug|Any CPU
		{7B56D8DB-AC62-4F48-9B0E-AD21907906CC}.Debug|Any CPU.Build.0 = Debug|Any CPU
		{7B56D8DB-AC62-4F48-9B0E-AD21907906CC}.Release|Any CPU.ActiveCfg = Release|Any CPU
		{7B56D8DB-AC62-4F48-9B0E-AD21907906CC}.Release|Any CPU.Build.0 = Release|Any CPU
		{28A721BC-9B85-4F5B-8ECC-F9F33D252A61}.Debug|Any CPU.ActiveCfg = Debug|Any CPU
		{28A721BC-9B85-4F5B-8ECC-F9F33D252A61}.Debug|Any CPU.Build.0 = Debug|Any CPU
		{28A721BC-9B85-4F5B-8ECC-F9F33D252A61}.Release|Any CPU.ActiveCfg = Release|Any CPU
		{28A721BC-9B85-4F5B-8ECC-F9F33D252A61}.Release|Any CPU.Build.0 = Release|Any CPU
		{E83BF806-6CC6-4DFB-B985-B7A22D378256}.Debug|Any CPU.ActiveCfg = Debug|Any CPU
		{E83BF806-6CC6-4DFB-B985-B7A22D378256}.Debug|Any CPU.Build.0 = Debug|Any CPU
		{E83BF806-6CC6-4DFB-B985-B7A22D378256}.Release|Any CPU.ActiveCfg = Release|Any CPU
		{E83BF806-6CC6-4DFB-B985-B7A22D378256}.Release|Any CPU.Build.0 = Release|Any CPU
		{D918D91E-8C25-483F-84AD-768A1A7E6719}.Debug|Any CPU.ActiveCfg = Debug|Any CPU
		{D918D91E-8C25-483F-84AD-768A1A7E6719}.Debug|Any CPU.Build.0 = Debug|Any CPU
		{D918D91E-8C25-483F-84AD-768A1A7E6719}.Release|Any CPU.ActiveCfg = Release|Any CPU
		{D918D91E-8C25-483F-84AD-768A1A7E6719}.Release|Any CPU.Build.0 = Release|Any CPU
		{EDA79566-5B96-480C-A397-466B84BAFBBB}.Debug|Any CPU.ActiveCfg = Debug|Any CPU
		{EDA79566-5B96-480C-A397-466B84BAFBBB}.Debug|Any CPU.Build.0 = Debug|Any CPU
		{EDA79566-5B96-480C-A397-466B84BAFBBB}.Release|Any CPU.ActiveCfg = Release|Any CPU
		{EDA79566-5B96-480C-A397-466B84BAFBBB}.Release|Any CPU.Build.0 = Release|Any CPU
		{1071D03A-93E1-47AE-8988-42B399C3B281}.Debug|Any CPU.ActiveCfg = Debug|Any CPU
		{1071D03A-93E1-47AE-8988-42B399C3B281}.Debug|Any CPU.Build.0 = Debug|Any CPU
		{1071D03A-93E1-47AE-8988-42B399C3B281}.Release|Any CPU.ActiveCfg = Release|Any CPU
		{1071D03A-93E1-47AE-8988-42B399C3B281}.Release|Any CPU.Build.0 = Release|Any CPU
		{A4980DF0-2044-4A2A-98B0-B36BCEBB4BC2}.Debug|Any CPU.ActiveCfg = Debug|Any CPU
		{A4980DF0-2044-4A2A-98B0-B36BCEBB4BC2}.Debug|Any CPU.Build.0 = Debug|Any CPU
		{A4980DF0-2044-4A2A-98B0-B36BCEBB4BC2}.Release|Any CPU.ActiveCfg = Release|Any CPU
		{A4980DF0-2044-4A2A-98B0-B36BCEBB4BC2}.Release|Any CPU.Build.0 = Release|Any CPU
		{1B7E14F5-F755-47D7-BF4D-C6C08745B8A0}.Debug|Any CPU.ActiveCfg = Debug|Any CPU
		{1B7E14F5-F755-47D7-BF4D-C6C08745B8A0}.Debug|Any CPU.Build.0 = Debug|Any CPU
		{1B7E14F5-F755-47D7-BF4D-C6C08745B8A0}.Debug|Any CPU.Deploy.0 = Debug|Any CPU
		{1B7E14F5-F755-47D7-BF4D-C6C08745B8A0}.Release|Any CPU.ActiveCfg = Release|Any CPU
		{1B7E14F5-F755-47D7-BF4D-C6C08745B8A0}.Release|Any CPU.Build.0 = Release|Any CPU
		{1B7E14F5-F755-47D7-BF4D-C6C08745B8A0}.Release|Any CPU.Deploy.0 = Release|Any CPU
	EndGlobalSection
	GlobalSection(SolutionProperties) = preSolution
		HideSolutionNode = FALSE
	EndGlobalSection
	GlobalSection(NestedProjects) = preSolution
		{A4980DF0-2044-4A2A-98B0-B36BCEBB4BC2} = {E6C7AAB1-D7ED-41E8-B712-A8A063FE4BC1}
	EndGlobalSection
	GlobalSection(ExtensibilityGlobals) = postSolution
		SolutionGuid = {660DAAA0-2DDF-4F0D-8DF4-BE8A0D20BB5E}
	EndGlobalSection
EndGlobal
